
Microsoft Visual Studio Solution File, Format Version 12.00
# Visual Studio Version 17
VisualStudioVersion = 17.1.32228.430
MinimumVisualStudioVersion = 10.0.40219.1
Project("{2150E333-8FDC-42A3-9474-1A3956D46DE8}") = "Test", "Test", "{7DEDD4D0-C11F-4AC1-A0C5-EC71D02B6E76}"
EndProject
Project("{2150E333-8FDC-42A3-9474-1A3956D46DE8}") = "src", "src", "{DDF9536A-8652-47A1-B952-B7869C212BDB}"
EndProject
Project("{9A19103F-16F7-4668-BE54-9A1E7A4F7556}") = "CursoOnline.DominioTest", "CursoOnline.DominioTest\CursoOnline.DominioTest.csproj", "{7189AB1F-C5D3-4CE1-B77D-CB453B63AD86}"
EndProject
Project("{9A19103F-16F7-4668-BE54-9A1E7A4F7556}") = "CursoOnline.Dominio", "CursoOnline.Dominio\CursoOnline.Dominio.csproj", "{93A27DB6-3853-4E0C-B48F-B963506C8ED5}"
EndProject
Global
	GlobalSection(SolutionConfigurationPlatforms) = preSolution
		Debug|Any CPU = Debug|Any CPU
		Release|Any CPU = Release|Any CPU
	EndGlobalSection
	GlobalSection(ProjectConfigurationPlatforms) = postSolution
		{7189AB1F-C5D3-4CE1-B77D-CB453B63AD86}.Debug|Any CPU.ActiveCfg = Debug|Any CPU
		{7189AB1F-C5D3-4CE1-B77D-CB453B63AD86}.Debug|Any CPU.Build.0 = Debug|Any CPU
		{7189AB1F-C5D3-4CE1-B77D-CB453B63AD86}.Release|Any CPU.ActiveCfg = Release|Any CPU
		{7189AB1F-C5D3-4CE1-B77D-CB453B63AD86}.Release|Any CPU.Build.0 = Release|Any CPU
		{93A27DB6-3853-4E0C-B48F-B963506C8ED5}.Debug|Any CPU.ActiveCfg = Debug|Any CPU
		{93A27DB6-3853-4E0C-B48F-B963506C8ED5}.Debug|Any CPU.Build.0 = Debug|Any CPU
		{93A27DB6-3853-4E0C-B48F-B963506C8ED5}.Release|Any CPU.ActiveCfg = Release|Any CPU
		{93A27DB6-3853-4E0C-B48F-B963506C8ED5}.Release|Any CPU.Build.0 = Release|Any CPU
	EndGlobalSection
	GlobalSection(SolutionProperties) = preSolution
		HideSolutionNode = FALSE
	EndGlobalSection
	GlobalSection(NestedProjects) = preSolution
		{7189AB1F-C5D3-4CE1-B77D-CB453B63AD86} = {7DEDD4D0-C11F-4AC1-A0C5-EC71D02B6E76}
		{93A27DB6-3853-4E0C-B48F-B963506C8ED5} = {DDF9536A-8652-47A1-B952-B7869C212BDB}
	EndGlobalSection
	GlobalSection(ExtensibilityGlobals) = postSolution
		SolutionGuid = {4B14A95A-67CD-4F29-B560-B24A21A55672}
	EndGlobalSection
EndGlobal
